
Microsoft Visual Studio Solution File, Format Version 12.00
# Visual Studio Version 17
VisualStudioVersion = 17.11.35222.181
MinimumVisualStudioVersion = 10.0.40219.1
Project("{9A19103F-16F7-4668-BE54-9A1E7A4F7556}") = "BlazorTicTacToe", "BlazorTicTacToe\BlazorTicTacToe\BlazorTicTacToe.csproj", "{31AC1744-05F4-4870-B2F5-55E9E3F25D10}"
EndProject
Project("{9A19103F-16F7-4668-BE54-9A1E7A4F7556}") = "BlazorTicTacToe.Client", "BlazorTicTacToe\BlazorTicTacToe.Client\BlazorTicTacToe.Client.csproj", "{254188CC-8547-43E3-AD8A-8840AA6DF131}"
EndProject
Project("{FAE04EC0-301F-11D3-BF4B-00C04F79EFBC}") = "BlazorTicTacToe.Shared", "BlazorTicTacToe.Shared\BlazorTicTacToe.Shared.csproj", "{36B86C58-07C2-4C34-9EE0-0E2FED5BA3FE}"
EndProject
Global
	GlobalSection(SolutionConfigurationPlatforms) = preSolution
		Debug|Any CPU = Debug|Any CPU
		Release|Any CPU = Release|Any CPU
	EndGlobalSection
	GlobalSection(ProjectConfigurationPlatforms) = postSolution
		{31AC1744-05F4-4870-B2F5-55E9E3F25D10}.Debug|Any CPU.ActiveCfg = Debug|Any CPU
		{31AC1744-05F4-4870-B2F5-55E9E3F25D10}.Debug|Any CPU.Build.0 = Debug|Any CPU
		{31AC1744-05F4-4870-B2F5-55E9E3F25D10}.Release|Any CPU.ActiveCfg = Release|Any CPU
		{31AC1744-05F4-4870-B2F5-55E9E3F25D10}.Release|Any CPU.Build.0 = Release|Any CPU
		{254188CC-8547-43E3-AD8A-8840AA6DF131}.Debug|Any CPU.ActiveCfg = Debug|Any CPU
		{254188CC-8547-43E3-AD8A-8840AA6DF131}.Debug|Any CPU.Build.0 = Debug|Any CPU
		{254188CC-8547-43E3-AD8A-8840AA6DF131}.Release|Any CPU.ActiveCfg = Release|Any CPU
		{254188CC-8547-43E3-AD8A-8840AA6DF131}.Release|Any CPU.Build.0 = Release|Any CPU
		{36B86C58-07C2-4C34-9EE0-0E2FED5BA3FE}.Debug|Any CPU.ActiveCfg = Debug|Any CPU
		{36B86C58-07C2-4C34-9EE0-0E2FED5BA3FE}.Debug|Any CPU.Build.0 = Debug|Any CPU
		{36B86C58-07C2-4C34-9EE0-0E2FED5BA3FE}.Release|Any CPU.ActiveCfg = Release|Any CPU
		{36B86C58-07C2-4C34-9EE0-0E2FED5BA3FE}.Release|Any CPU.Build.0 = Release|Any CPU
	EndGlobalSection
	GlobalSection(SolutionProperties) = preSolution
		HideSolutionNode = FALSE
	EndGlobalSection
	GlobalSection(ExtensibilityGlobals) = postSolution
		SolutionGuid = {0656C489-814C-4BE0-B036-F86C3CC54F7A}
	EndGlobalSection
EndGlobal
